<?xml version="1.0" encoding="utf-8"?>
<Project ToolsVersion="4.0" xmlns="http://schemas.microsoft.com/developer/msbuild/2003">
  <ItemGroup>
    <Filter Include="imgui">
      <UniqueIdentifier>{6d40e72b-0f9b-4353-bd30-9f1f3ae8a2ca}</UniqueIdentifier>
    </Filter>
    <Filter Include="imgui\Source Files">
      <UniqueIdentifier>{8b3677ed-4ea2-4087-bed6-18014de1a9fd}</UniqueIdentifier>
    </Filter>
    <Filter Include="imgui\Header Files">
      <UniqueIdentifier>{d3deb123-43b3-4bc7-bf9a-5ba927944070}</UniqueIdentifier>
    </Filter>
    <Filter Include="imgui\Backend Files">
      <UniqueIdentifier>{a6eade5a-a459-454d-9d32-1cd70f44d456}</UniqueIdentifier>
    </Filter>
    <Filter Include="imgui\Backend Files\Header Files">
      <UniqueIdentifier>{8472ab25-18d6-497a-a228-9b4bb1229a3c}</UniqueIdentifier>
    </Filter>
    <Filter Include="imgui\Backend Files\Source Files">
      <UniqueIdentifier>{7e4ce3e2-7c2b-408d-a35b-b2f43925523e}</UniqueIdentifier>
    </Filter>
  </ItemGroup>
  <ItemGroup>
    <ClCompile Include="Main.cpp" />
    <ClCompile Include="Commands\EarnPointsCommand.cpp" />
    <ClCompile Include="Commands\RestrictedMovementCommand.cpp" />
    <ClCompile Include="Commands\TakeDamageCommand.cpp" />
    <ClCompile Include="Components\Data\EarnPointsComponent.cpp" />
    <ClCompile Include="Components\Data\HealthComponent.cpp" />
    <ClCompile Include="Components\Observers\LivesLeftComponent.cpp" />
    <ClCompile Include="Components\Observers\PlayerScoreComponent.cpp" />
    <ClCompile Include="Components\Rendering\TrashTheCacheComponent.cpp" />
    <ClCompile Include="Components\Rendering\TutorialComponent.cpp" />
    <ClCompile Include="Components\Updating\RotatorComponent.cpp" />
    <ClCompile Include="Components\Updating\AttackComponent.cpp" />
    <ClCompile Include="Commands\AttackCommand.cpp" />
    <ClCompile Include="Components\Updating\BulletMovementComponent.cpp" />
    <ClCompile Include="Components\Enemies\EnemyControllerComponent.cpp" />
    <ClCompile Include="Components\Enemies\BaseEnemyComponent.cpp" />
    <ClCompile Include="Components\Enemies\BeeComponent.cpp" />
    <ClCompile Include="Components\Enemies\ButterflyComponent.cpp" />
    <ClCompile Include="Components\Enemies\BossComponent.cpp" />
    <ClCompile Include="FileReading\FileReader.cpp" />
  </ItemGroup>
  <ItemGroup>
    <ClInclude Include="Commands\EarnPointsCommand.h" />
    <ClInclude Include="Commands\RestrictedMovementCommand.h" />
    <ClInclude Include="Commands\TakeDamageCommand.h" />
    <ClInclude Include="Components\Data\EarnPointsComponent.h" />
    <ClInclude Include="Components\Data\HealthComponent.h" />
    <ClInclude Include="Components\Observers\LivesLeftComponent.h" />
    <ClInclude Include="Components\Observers\PlayerScoreComponent.h" />
    <ClInclude Include="Components\Rendering\TrashTheCacheComponent.h" />
    <ClInclude Include="Components\Rendering\TutorialComponent.h" />
    <ClInclude Include="Components\Updating\RotatorComponent.h" />
    <ClInclude Include="Components\Updating\AttackComponent.h" />
    <ClInclude Include="Commands\AttackCommand.h" />
    <ClInclude Include="Components\Updating\BulletMovementComponent.h" />
    <ClInclude Include="Components\Enemies\EnemyControllerComponent.h" />
    <ClInclude Include="Components\Enemies\BaseEnemyComponent.h" />
    <ClInclude Include="Components\Enemies\BeeComponent.h" />
    <ClInclude Include="Events\GameEvents.h" />
    <ClInclude Include="Components\Enemies\ButterflyComponent.h" />
    <ClInclude Include="Components\Enemies\BossComponent.h" />
    <ClInclude Include="RapidJson\error\en.h" />
    <ClInclude Include="RapidJson\error\error.h" />
    <ClInclude Include="RapidJson\internal\biginteger.h" />
    <ClInclude Include="RapidJson\internal\clzll.h" />
    <ClInclude Include="RapidJson\internal\diyfp.h" />
    <ClInclude Include="RapidJson\internal\dtoa.h" />
    <ClInclude Include="RapidJson\internal\ieee754.h" />
    <ClInclude Include="RapidJson\internal\itoa.h" />
    <ClInclude Include="RapidJson\internal\meta.h" />
    <ClInclude Include="RapidJson\internal\pow10.h" />
    <ClInclude Include="RapidJson\internal\regex.h" />
    <ClInclude Include="RapidJson\internal\stack.h" />
    <ClInclude Include="RapidJson\internal\strfunc.h" />
    <ClInclude Include="RapidJson\internal\strtod.h" />
    <ClInclude Include="RapidJson\internal\swap.h" />
    <ClInclude Include="RapidJson\msinttypes\inttypes.h" />
    <ClInclude Include="RapidJson\msinttypes\stdint.h" />
    <ClInclude Include="RapidJson\allocators.h" />
    <ClInclude Include="RapidJson\cursorstreamwrapper.h" />
    <ClInclude Include="RapidJson\document.h" />
    <ClInclude Include="RapidJson\encodedstream.h" />
    <ClInclude Include="RapidJson\encodings.h" />
    <ClInclude Include="RapidJson\filereadstream.h" />
    <ClInclude Include="RapidJson\filewritestream.h" />
    <ClInclude Include="RapidJson\fwd.h" />
    <ClInclude Include="RapidJson\istreamwrapper.h" />
    <ClInclude Include="RapidJson\memorybuffer.h" />
    <ClInclude Include="RapidJson\memorystream.h" />
    <ClInclude Include="RapidJson\ostreamwrapper.h" />
    <ClInclude Include="RapidJson\pointer.h" />
    <ClInclude Include="RapidJson\prettywriter.h" />
    <ClInclude Include="RapidJson\rapidjson.h" />
    <ClInclude Include="RapidJson\reader.h" />
    <ClInclude Include="RapidJson\schema.h" />
    <ClInclude Include="RapidJson\stream.h" />
    <ClInclude Include="RapidJson\stringbuffer.h" />
    <ClInclude Include="RapidJson\uri.h" />
    <ClInclude Include="RapidJson\writer.h" />
    <ClInclude Include="FileReading\FileReader.h" />
  </ItemGroup>
</Project>