<?xml version="1.0" encoding="utf-8"?>
<Project ToolsVersion="4.0" xmlns="http://schemas.microsoft.com/developer/msbuild/2003">
  <ItemGroup>
    <Filter Include="imgui">
      <UniqueIdentifier>{d77566bc-c7a8-4e6b-80ea-4c931763035c}</UniqueIdentifier>
    </Filter>
    <Filter Include="imgui\Source Files">
      <UniqueIdentifier>{c40a50bb-e0bd-4a9c-9875-4b0b06a7c7d3}</UniqueIdentifier>
    </Filter>
    <Filter Include="imgui\Header Files">
      <UniqueIdentifier>{ab558e10-b17f-46bb-9b84-18f7dae1d3cf}</UniqueIdentifier>
    </Filter>
    <Filter Include="imgui\Backend Files">
      <UniqueIdentifier>{8f8df8b8-d196-4886-a140-4ef96d50ab91}</UniqueIdentifier>
    </Filter>
    <Filter Include="imgui\Backend Files\Header Files">
      <UniqueIdentifier>{bca2c9d5-2554-40b5-bca7-a058c355f583}</UniqueIdentifier>
    </Filter>
    <Filter Include="imgui\Backend Files\Source Files">
      <UniqueIdentifier>{a9e8b790-116b-4c39-8cbc-4d2c2ca4a695}</UniqueIdentifier>
    </Filter>
  </ItemGroup>
  <ItemGroup>
    <ClInclude Include="Commands\Command.h" />
    <ClInclude Include="Commands\MoveCommand.h" />
    <ClInclude Include="Components\Component.h" />
    <ClInclude Include="Components\FpsCounterComponent.h" />
    <ClInclude Include="Components\ImageComponent.h" />
    <ClInclude Include="Components\ImageRenderComponent.h" />
    <ClInclude Include="Components\TextComponent.h" />
    <ClInclude Include="Components\TextRendererComponent.h" />
    <ClInclude Include="Components\TransformComponent.h" />
    <ClInclude Include="Engine\GameObject.h" />
    <ClInclude Include="Engine\Minigin.h" />
    <ClInclude Include="Engine\Timer.h" />
    <ClInclude Include="Events\Event.h" />
    <ClInclude Include="Events\EventManager.h" />
    <ClInclude Include="Input\InputManager.h" />
    <ClInclude Include="Input\XboxController.h" />
    <ClInclude Include="Rendering\Renderer.h" />
    <ClInclude Include="Rendering\ResourceManager.h" />
    <ClInclude Include="Rendering\Texture2D.h" />
    <ClInclude Include="Scene\Scene.h" />
    <ClInclude Include="Scene\SceneManager.h" />
    <ClInclude Include="Singleton.h" />
    <ClInclude Include="Rendering\Font.h" />
    <ClInclude Include="Sounds\SoundManager.h" />
    <ClInclude Include="Sounds\SDLSoundSystem.h" />
    <ClInclude Include="Components\Collision\CollisionComponent.h" />
    <ClInclude Include="Sounds\SoundSystem.h" />
    <ClInclude Include="Sounds\NullSoundSystem.h" />
    <ClInclude Include="..\3rdParty\imgui-1.89.4\imconfig.h" />
    <ClInclude Include="..\3rdParty\imgui-1.89.4\imgui.h" />
    <ClInclude Include="..\3rdParty\imgui-1.89.4\imgui_internal.h" />
    <ClInclude Include="..\3rdParty\imgui-1.89.4\imgui_plot.h" />
    <ClInclude Include="..\3rdParty\imgui-1.89.4\imstb_rectpack.h" />
    <ClInclude Include="..\3rdParty\imgui-1.89.4\imstb_textedit.h" />
    <ClInclude Include="..\3rdParty\imgui-1.89.4\imstb_truetype.h" />
    <ClInclude Include="..\3rdParty\imgui-1.89.4\backends\imgui_impl_opengl2.h" />
    <ClInclude Include="..\3rdParty\imgui-1.89.4\backends\imgui_impl_sdl2.h" />
  </ItemGroup>
  <ItemGroup>
    <ClCompile Include="Commands\Command.cpp" />
    <ClCompile Include="Commands\MoveCommand.cpp" />
    <ClCompile Include="Components\Component.cpp" />
    <ClCompile Include="Components\FpsCounterComponent.cpp" />
    <ClCompile Include="Components\ImageComponent.cpp" />
    <ClCompile Include="Components\ImageRenderComponent.cpp" />
    <ClCompile Include="Components\TextComponent.cpp" />
    <ClCompile Include="Components\TextRendererComponent.cpp" />
    <ClCompile Include="Components\TransformComponent.cpp" />
    <ClCompile Include="Engine\GameObject.cpp" />
    <ClCompile Include="Engine\Minigin.cpp" />
    <ClCompile Include="Engine\Timer.cpp" />
    <ClCompile Include="Events\EventManager.cpp" />
    <ClCompile Include="Input\InputManager.cpp" />
    <ClCompile Include="Input\XboxController.cpp" />
    <ClCompile Include="Rendering\Renderer.cpp" />
    <ClCompile Include="Rendering\ResourceManager.cpp" />
    <ClCompile Include="Rendering\Texture2D.cpp" />
    <ClCompile Include="Scene\Scene.cpp" />
    <ClCompile Include="Scene\SceneManager.cpp" />
    <ClCompile Include="Rendering\Font.cpp" />
    <ClCompile Include="Sounds\SoundManager.cpp" />
    <ClCompile Include="Sounds\SDLSoundSystem.cpp" />
    <ClCompile Include="Components\Collision\CollisionComponent.cpp" />
    <ClCompile Include="Sounds\SoundSystem.cpp" />
    <ClCompile Include="Sounds\NullSoundSystem.cpp" />
    <ClCompile Include="..\3rdParty\imgui-1.89.4\imgui.cpp" />
    <ClCompile Include="..\3rdParty\imgui-1.89.4\imgui_demo.cpp" />
    <ClCompile Include="..\3rdParty\imgui-1.89.4\imgui_draw.cpp" />
    <ClCompile Include="..\3rdParty\imgui-1.89.4\imgui_plot.cpp" />
    <ClCompile Include="..\3rdParty\imgui-1.89.4\imgui_tables.cpp" />
    <ClCompile Include="..\3rdParty\imgui-1.89.4\imgui_widgets.cpp" />
    <ClCompile Include="..\3rdParty\imgui-1.89.4\backends\imgui_impl_opengl2.cpp" />
    <ClCompile Include="..\3rdParty\imgui-1.89.4\backends\imgui_impl_sdl2.cpp" />
  </ItemGroup>
</Project>